
Microsoft Visual Studio Solution File, Format Version 12.00
# Visual Studio Version 17
VisualStudioVersion = 17.2.32526.322
MinimumVisualStudioVersion = 10.0.40219.1
Project("{9A19103F-16F7-4668-BE54-9A1E7A4F7556}") = "RazorPagesPizza", "RazorPagesPizza.csproj", "{D819EF47-9D7C-4A40-81FE-1EE1D25BD358}"
EndProject
Global
	GlobalSection(SolutionConfigurationPlatforms) = preSolution
		Debug|Any CPU = Debug|Any CPU
		Release|Any CPU = Release|Any CPU
	EndGlobalSection
	GlobalSection(ProjectConfigurationPlatforms) = postSolution
		{D819EF47-9D7C-4A40-81FE-1EE1D25BD358}.Debug|Any CPU.ActiveCfg = Debug|Any CPU
		{D819EF47-9D7C-4A40-81FE-1EE1D25BD358}.Debug|Any CPU.Build.0 = Debug|Any CPU
		{D819EF47-9D7C-4A40-81FE-1EE1D25BD358}.Release|Any CPU.ActiveCfg = Release|Any CPU
		{D819EF47-9D7C-4A40-81FE-1EE1D25BD358}.Release|Any CPU.Build.0 = Release|Any CPU
	EndGlobalSection
	GlobalSection(SolutionProperties) = preSolution
		HideSolutionNode = FALSE
	EndGlobalSection
	GlobalSection(ExtensibilityGlobals) = postSolution
		SolutionGuid = {BDC68587-AC66-43CE-894C-AEF7EA68531C}
	EndGlobalSection
EndGlobal
